{
  "requires": true,
  "lockfileVersion": 1,
  "dependencies": {
    "canvas": {
      "version": "1.6.9",
      "resolved": "https://registry.npmjs.org/canvas/-/canvas-1.6.9.tgz",
      "integrity": "sha1-4/lc7HsWvy1vP8clwC2UDTJY9ps=",
      "requires": {
        "nan": "2.9.2"
      }
    },
    "moment": {
      "version": "2.21.0",
      "resolved": "https://registry.npmjs.org/moment/-/moment-2.21.0.tgz",
      "integrity": "sha512-TCZ36BjURTeFTM/CwRcViQlfkMvL1/vFISuNLO5GkcVm1+QHfbSiNqZuWeMFjj1/3+uAjXswgRk30j1kkLYJBQ=="
    },
    "nan": {
      "version": "2.9.2",
      "resolved": "https://registry.npmjs.org/nan/-/nan-2.9.2.tgz",
      "integrity": "sha512-ltW65co7f3PQWBDbqVvaU1WtFJUsNW7sWWm4HINhbMQIyVyzIeyZ8toX5TC5eeooE6piZoaEh4cZkueSKG3KYw=="
    }
  }
}
